
Microsoft Visual Studio Solution File, Format Version 11.00
# Visual Studio 2010
Project("{FAE04EC0-301F-11D3-BF4B-00C04F79EFBC}") = "SchoolManagementLibrary", "SchoolManagementLibrary\SchoolManagementLibrary.csproj", "{1006686C-3896-490C-B016-03D00DE4BBCA}"
EndProject
Project("{FAE04EC0-301F-11D3-BF4B-00C04F79EFBC}") = "SchoolManagementProject", "SchoolManagementProject\SchoolManagementProject.csproj", "{18BE5A8E-01DB-4766-A12F-0A8565E80439}"
EndProject
Global
	GlobalSection(SolutionConfigurationPlatforms) = preSolution
		Debug|Any CPU = Debug|Any CPU
		Release|Any CPU = Release|Any CPU
	EndGlobalSection
	GlobalSection(ProjectConfigurationPlatforms) = postSolution
		{1006686C-3896-490C-B016-03D00DE4BBCA}.Debug|Any CPU.ActiveCfg = Debug|Any CPU
		{1006686C-3896-490C-B016-03D00DE4BBCA}.Debug|Any CPU.Build.0 = Debug|Any CPU
		{1006686C-3896-490C-B016-03D00DE4BBCA}.Release|Any CPU.ActiveCfg = Release|Any CPU
		{1006686C-3896-490C-B016-03D00DE4BBCA}.Release|Any CPU.Build.0 = Release|Any CPU
		{18BE5A8E-01DB-4766-A12F-0A8565E80439}.Debug|Any CPU.ActiveCfg = Debug|Any CPU
		{18BE5A8E-01DB-4766-A12F-0A8565E80439}.Debug|Any CPU.Build.0 = Debug|Any CPU
		{18BE5A8E-01DB-4766-A12F-0A8565E80439}.Release|Any CPU.ActiveCfg = Release|Any CPU
		{18BE5A8E-01DB-4766-A12F-0A8565E80439}.Release|Any CPU.Build.0 = Release|Any CPU
	EndGlobalSection
	GlobalSection(SolutionProperties) = preSolution
		HideSolutionNode = FALSE
	EndGlobalSection
EndGlobal
